{
  "nodes": {
    "devshell": {
      "locked": {
        "lastModified": 1602575409,
        "narHash": "sha256-8odo24pcxTxZkbXeaL2Dpwx3zIZ1zqThZ9PetlGqyyw=",
        "owner": "numtide",
        "repo": "devshell",
        "rev": "658a8216fa545b829a41570ec866a7dd0e35f050",
        "type": "github"
      },
      "original": {
        "owner": "numtide",
        "repo": "devshell",
        "type": "github"
      }
    },
    "flake-utils": {
      "locked": {
        "lastModified": 1601282935,
        "narHash": "sha256-WQAFV6sGGQxrRs3a+/Yj9xUYvhTpukQJIcMbIi7LCJ4=",
        "owner": "numtide",
        "repo": "flake-utils",
        "rev": "588973065fce51f4763287f0fda87a174d78bf48",
        "type": "github"
      },
      "original": {
        "owner": "numtide",
        "repo": "flake-utils",
        "type": "github"
      }
    },
    "mozilla-overlay": {
      "flake": false,
      "locked": {
        "lastModified": 1601371715,
        "narHash": "sha256-AXHx65D9BZpwNBgameXRfpiGNQpHNB1jc0jKoL2EkFE=",
        "owner": "mozilla",
        "repo": "nixpkgs-mozilla",
        "rev": "57c8084c7ef41366993909c20491e359bbb90f54",
        "type": "github"
      },
      "original": {
        "owner": "mozilla",
        "repo": "nixpkgs-mozilla",
        "type": "github"
      }
    },
    "nixpkgs": {
      "locked": {
        "lastModified": 1602747252,
        "narHash": "sha256-9fFjYZ1HTkwobnu5S8s3xNQ5QzF0GNnheB4qGN4NJps=",
        "owner": "NixOS",
        "repo": "nixpkgs",
        "rev": "a5aebef73b5c773a598d2748cf4819de24081bb4",
        "type": "github"
      },
      "original": {
        "owner": "NixOS",
        "ref": "master",
        "repo": "nixpkgs",
        "type": "github"
      }
    },
    "root": {
      "inputs": {
        "devshell": "devshell",
        "flake-utils": "flake-utils",
        "mozilla-overlay": "mozilla-overlay",
        "nixpkgs": "nixpkgs"
      }
    }
  },
  "root": "root",
  "version": 7
}
