{
  "nodes": {
    "flake-utils": {
      "locked": {
        "lastModified": 1598466101,
        "narHash": "sha256-JPhv+Ay98KMWRVRFlLEK9+eLpvNjhTBGWdFKZsE97ck=",
        "owner": "numtide",
        "repo": "flake-utils",
        "rev": "a586a6b966d59f53f45a04f8891fbc017dc09dbe",
        "type": "github"
      },
      "original": {
        "owner": "numtide",
        "repo": "flake-utils",
        "type": "github"
      }
    },
    "nixpkgs": {
      "locked": {
        "lastModified": 1600053451,
        "narHash": "sha256-yJDsUYE2uLbtq90c7kV925ZKv1fmeyDn8/kdiRaSUDE=",
        "owner": "NixOS",
        "repo": "nixpkgs",
        "rev": "883575046b5bb7872a51da823ae1e6293e77c899",
        "type": "github"
      },
      "original": {
        "id": "nixpkgs",
        "type": "indirect"
      }
    },
    "root": {
      "inputs": {
        "flake-utils": "flake-utils",
        "nixpkgs": "nixpkgs"
      }
    }
  },
  "root": "root",
  "version": 7
}
