{
  "nodes": {
    "devshell": {
      "locked": {
        "lastModified": 1618523768,
        "narHash": "sha256-Gev9da35pHUey3kGz/zrJFc/9ICs++vPCho7qB1mqd8=",
        "owner": "numtide",
        "repo": "devshell",
        "rev": "709fe4d04a9101c9d224ad83f73416dce71baf21",
        "type": "github"
      },
      "original": {
        "owner": "numtide",
        "ref": "master",
        "repo": "devshell",
        "type": "github"
      }
    },
    "flake-utils": {
      "locked": {
        "lastModified": 1619345332,
        "narHash": "sha256-qHnQkEp1uklKTpx3MvKtY6xzgcqXDsz5nLilbbuL+3A=",
        "owner": "numtide",
        "repo": "flake-utils",
        "rev": "2ebf2558e5bf978c7fb8ea927dfaed8fefab2e28",
        "type": "github"
      },
      "original": {
        "owner": "numtide",
        "repo": "flake-utils",
        "type": "github"
      }
    },
    "http-media": {
      "flake": false,
      "locked": {
        "lastModified": 1618715306,
        "narHash": "sha256-HhubiSvmraPQD+F2WNBpILbdUgZwiUkb+5DhlYicGWM=",
        "owner": "zmthy",
        "repo": "http-media",
        "rev": "1027540023fc5ea48794a8d366bfd9b9b05454d6",
        "type": "github"
      },
      "original": {
        "owner": "zmthy",
        "ref": "develop",
        "repo": "http-media",
        "type": "github"
      }
    },
    "miso": {
      "flake": false,
      "locked": {
        "lastModified": 1619648998,
        "narHash": "sha256-wGTZPs+x7GNZCFVR8L1nA+8XGxVxIDkaclHU5oycvUE=",
        "owner": "dmjio",
        "repo": "miso",
        "rev": "5e89b099ddf6d9edab5538dd808aed4bd909e973",
        "type": "github"
      },
      "original": {
        "owner": "dmjio",
        "ref": "master",
        "repo": "miso",
        "type": "github"
      }
    },
    "mozilla-overlay": {
      "flake": false,
      "locked": {
        "lastModified": 1603906276,
        "narHash": "sha256-RsNPnEKd7BcogwkqhaV5kI/HuNC4flH/OQCC/4W5y/8=",
        "owner": "mozilla",
        "repo": "nixpkgs-mozilla",
        "rev": "8c007b60731c07dd7a052cce508de3bb1ae849b4",
        "type": "github"
      },
      "original": {
        "owner": "mozilla",
        "repo": "nixpkgs-mozilla",
        "type": "github"
      }
    },
    "naersk": {
      "inputs": {
        "nixpkgs": [
          "nixpkgs"
        ]
      },
      "locked": {
        "lastModified": 1618844365,
        "narHash": "sha256-Z9t0rr+5OG/ru3jdg3jivfYVU4ydV/nqt8UwIut7uHs=",
        "owner": "nmattia",
        "repo": "naersk",
        "rev": "32e3ba39d9d83098b13720a4384bdda191dd0445",
        "type": "github"
      },
      "original": {
        "owner": "nmattia",
        "repo": "naersk",
        "type": "github"
      }
    },
    "nixpkgs": {
      "locked": {
        "lastModified": 1619693869,
        "narHash": "sha256-EbwaA0ukyK8Cs7bYWDa7l7DR+CCrVpmcggJjFxsHy8o=",
        "owner": "NixOS",
        "repo": "nixpkgs",
        "rev": "2bd34a98af6bcb759030a9fba3a2565c65fe6725",
        "type": "github"
      },
      "original": {
        "owner": "NixOS",
        "ref": "master",
        "repo": "nixpkgs",
        "type": "github"
      }
    },
    "polysemy": {
      "flake": false,
      "locked": {
        "lastModified": 1619239701,
        "narHash": "sha256-GePzx9QdLjrenaQVNiS2tS91k9Cvik3M5k6kE96bmlc=",
        "owner": "polysemy-research",
        "repo": "polysemy",
        "rev": "0913e7c2e3a686975b012c36a8696966558bed58",
        "type": "github"
      },
      "original": {
        "owner": "polysemy-research",
        "repo": "polysemy",
        "type": "github"
      }
    },
    "root": {
      "inputs": {
        "devshell": "devshell",
        "flake-utils": "flake-utils",
        "http-media": "http-media",
        "miso": "miso",
        "mozilla-overlay": "mozilla-overlay",
        "naersk": "naersk",
        "nixpkgs": "nixpkgs",
        "polysemy": "polysemy",
        "servant": "servant",
        "servant-jsaddle": "servant-jsaddle"
      }
    },
    "servant": {
      "flake": false,
      "locked": {
        "lastModified": 1619167068,
        "narHash": "sha256-bKtyL4Fcb7qCuk52YJLSqeVJEcwkt+fsdJZHrqS6PrM=",
        "owner": "haskell-servant",
        "repo": "servant",
        "rev": "448c444db665730d40df46f86f04d1b04dcfb32f",
        "type": "github"
      },
      "original": {
        "owner": "haskell-servant",
        "repo": "servant",
        "type": "github"
      }
    },
    "servant-jsaddle": {
      "flake": false,
      "locked": {
        "lastModified": 1580326554,
        "narHash": "sha256-VmIqRgPxZ/rJyB7dTCLGhtGIuskz/tUtaH3jteiNI4U=",
        "owner": "haskell-servant",
        "repo": "servant-jsaddle",
        "rev": "6ef0204b651b259ae165c3ad94e5814213515e44",
        "type": "github"
      },
      "original": {
        "owner": "haskell-servant",
        "ref": "master",
        "repo": "servant-jsaddle",
        "type": "github"
      }
    }
  },
  "root": "root",
  "version": 7
}
